// !$*UTF8*$!
{
	archiveVersion = 1;
	classes = {
	};
	objectVersion = 55;
	objects = {

/* Begin PBXBuildFile section */
		A641B2272843D7CA006D8303 /* SidebarItem.swift in Sources */ = {isa = PBXBuildFile; fileRef = A641B2262843D7C9006D8303 /* SidebarItem.swift */; };
		A641B22B2843D82F006D8303 /* Sidebar.swift in Sources */ = {isa = PBXBuildFile; fileRef = A641B22A2843D82F006D8303 /* Sidebar.swift */; };
		A641B22E2843DDBA006D8303 /* AllFilesView.swift in Sources */ = {isa = PBXBuildFile; fileRef = A641B22D2843DDBA006D8303 /* AllFilesView.swift */; };
		A641B2302843F203006D8303 /* ColorManager.swift in Sources */ = {isa = PBXBuildFile; fileRef = A641B22F2843F203006D8303 /* ColorManager.swift */; };
		A641B23228440135006D8303 /* CardView.swift in Sources */ = {isa = PBXBuildFile; fileRef = A641B23128440135006D8303 /* CardView.swift */; };
		A641B234284409EC006D8303 /* Utils.swift in Sources */ = {isa = PBXBuildFile; fileRef = A641B233284409EC006D8303 /* Utils.swift */; };
		A6B218972843CF3600930AD4 /* MonoboxApp.swift in Sources */ = {isa = PBXBuildFile; fileRef = A6B218962843CF3600930AD4 /* MonoboxApp.swift */; };
		A6B218992843CF3600930AD4 /* SIdebarView.swift in Sources */ = {isa = PBXBuildFile; fileRef = A6B218982843CF3600930AD4 /* SIdebarView.swift */; };
		A6B2189B2843CF3700930AD4 /* Assets.xcassets in Resources */ = {isa = PBXBuildFile; fileRef = A6B2189A2843CF3700930AD4 /* Assets.xcassets */; };
		A6B2189E2843CF3700930AD4 /* Preview Assets.xcassets in Resources */ = {isa = PBXBuildFile; fileRef = A6B2189D2843CF3700930AD4 /* Preview Assets.xcassets */; };
/* End PBXBuildFile section */

/* Begin PBXFileReference section */
		A641B2262843D7C9006D8303 /* SidebarItem.swift */ = {isa = PBXFileReference; lastKnownFileType = sourcecode.swift; path = SidebarItem.swift; sourceTree = "<group>"; };
		A641B22A2843D82F006D8303 /* Sidebar.swift */ = {isa = PBXFileReference; lastKnownFileType = sourcecode.swift; path = Sidebar.swift; sourceTree = "<group>"; };
		A641B22D2843DDBA006D8303 /* AllFilesView.swift */ = {isa = PBXFileReference; lastKnownFileType = sourcecode.swift; path = AllFilesView.swift; sourceTree = "<group>"; };
		A641B22F2843F203006D8303 /* ColorManager.swift */ = {isa = PBXFileReference; lastKnownFileType = sourcecode.swift; path = ColorManager.swift; sourceTree = "<group>"; };
		A641B23128440135006D8303 /* CardView.swift */ = {isa = PBXFileReference; lastKnownFileType = sourcecode.swift; path = CardView.swift; sourceTree = "<group>"; };
		A641B233284409EC006D8303 /* Utils.swift */ = {isa = PBXFileReference; lastKnownFileType = sourcecode.swift; path = Utils.swift; sourceTree = "<group>"; };
		A6B218932843CF3600930AD4 /* Monobox.app */ = {isa = PBXFileReference; explicitFileType = wrapper.application; includeInIndex = 0; path = Monobox.app; sourceTree = BUILT_PRODUCTS_DIR; };
		A6B218962843CF3600930AD4 /* MonoboxApp.swift */ = {isa = PBXFileReference; lastKnownFileType = sourcecode.swift; path = MonoboxApp.swift; sourceTree = "<group>"; };
		A6B218982843CF3600930AD4 /* SIdebarView.swift */ = {isa = PBXFileReference; lastKnownFileType = sourcecode.swift; path = SIdebarView.swift; sourceTree = "<group>"; };
		A6B2189A2843CF3700930AD4 /* Assets.xcassets */ = {isa = PBXFileReference; lastKnownFileType = folder.assetcatalog; path = Assets.xcassets; sourceTree = "<group>"; };
		A6B2189D2843CF3700930AD4 /* Preview Assets.xcassets */ = {isa = PBXFileReference; lastKnownFileType = folder.assetcatalog; path = "Preview Assets.xcassets"; sourceTree = "<group>"; };
		A6B2189F2843CF3700930AD4 /* Monobox.entitlements */ = {isa = PBXFileReference; lastKnownFileType = text.plist.entitlements; path = Monobox.entitlements; sourceTree = "<group>"; };
/* End PBXFileReference section */

/* Begin PBXFrameworksBuildPhase section */
		A6B218902843CF3600930AD4 /* Frameworks */ = {
			isa = PBXFrameworksBuildPhase;
			buildActionMask = 2147483647;
			files = (
			);
			runOnlyForDeploymentPostprocessing = 0;
		};
/* End PBXFrameworksBuildPhase section */

/* Begin PBXGroup section */
		A641B2252843D7A7006D8303 /* Models */ = {
			isa = PBXGroup;
			children = (
				A641B2262843D7C9006D8303 /* SidebarItem.swift */,
			);
			path = Models;
			sourceTree = "<group>";
		};
		A641B2292843D807006D8303 /* ViewModels */ = {
			isa = PBXGroup;
			children = (
				A641B22A2843D82F006D8303 /* Sidebar.swift */,
			);
			path = ViewModels;
			sourceTree = "<group>";
		};
		A641B22C2843D8FA006D8303 /* Views */ = {
			isa = PBXGroup;
			children = (
				A6B218982843CF3600930AD4 /* SIdebarView.swift */,
				A641B22D2843DDBA006D8303 /* AllFilesView.swift */,
				A641B23128440135006D8303 /* CardView.swift */,
			);
			path = Views;
			sourceTree = "<group>";
		};
		A6B2188A2843CF3600930AD4 = {
			isa = PBXGroup;
			children = (
				A6B218952843CF3600930AD4 /* Monobox */,
				A6B218942843CF3600930AD4 /* Products */,
			);
			sourceTree = "<group>";
		};
		A6B218942843CF3600930AD4 /* Products */ = {
			isa = PBXGroup;
			children = (
				A6B218932843CF3600930AD4 /* Monobox.app */,
			);
			name = Products;
			sourceTree = "<group>";
		};
		A6B218952843CF3600930AD4 /* Monobox */ = {
			isa = PBXGroup;
			children = (
				A641B2292843D807006D8303 /* ViewModels */,
				A641B2252843D7A7006D8303 /* Models */,
				A6B218962843CF3600930AD4 /* MonoboxApp.swift */,
				A641B22C2843D8FA006D8303 /* Views */,
				A6B2189A2843CF3700930AD4 /* Assets.xcassets */,
				A6B2189F2843CF3700930AD4 /* Monobox.entitlements */,
				A6B2189C2843CF3700930AD4 /* Preview Content */,
				A641B22F2843F203006D8303 /* ColorManager.swift */,
				A641B233284409EC006D8303 /* Utils.swift */,
			);
			path = Monobox;
			sourceTree = "<group>";
		};
		A6B2189C2843CF3700930AD4 /* Preview Content */ = {
			isa = PBXGroup;
			children = (
				A6B2189D2843CF3700930AD4 /* Preview Assets.xcassets */,
			);
			path = "Preview Content";
			sourceTree = "<group>";
		};
/* End PBXGroup section */

/* Begin PBXNativeTarget section */
		A6B218922843CF3600930AD4 /* Monobox */ = {
			isa = PBXNativeTarget;
			buildConfigurationList = A6B218A22843CF3700930AD4 /* Build configuration list for PBXNativeTarget "Monobox" */;
			buildPhases = (
				A6B2188F2843CF3600930AD4 /* Sources */,
				A6B218902843CF3600930AD4 /* Frameworks */,
				A6B218912843CF3600930AD4 /* Resources */,
			);
			buildRules = (
			);
			dependencies = (
			);
			name = Monobox;
			productName = Monobox;
			productReference = A6B218932843CF3600930AD4 /* Monobox.app */;
			productType = "com.apple.product-type.application";
		};
/* End PBXNativeTarget section */

/* Begin PBXProject section */
		A6B2188B2843CF3600930AD4 /* Project object */ = {
			isa = PBXProject;
			attributes = {
				BuildIndependentTargetsInParallel = 1;
				LastSwiftUpdateCheck = 1330;
				LastUpgradeCheck = 1330;
				TargetAttributes = {
					A6B218922843CF3600930AD4 = {
						CreatedOnToolsVersion = 13.3.1;
					};
				};
			};
			buildConfigurationList = A6B2188E2843CF3600930AD4 /* Build configuration list for PBXProject "Monobox" */;
			compatibilityVersion = "Xcode 13.0";
			developmentRegion = en;
			hasScannedForEncodings = 0;
			knownRegions = (
				en,
				Base,
			);
			mainGroup = A6B2188A2843CF3600930AD4;
			productRefGroup = A6B218942843CF3600930AD4 /* Products */;
			projectDirPath = "";
			projectRoot = "";
			targets = (
				A6B218922843CF3600930AD4 /* Monobox */,
			);
		};
/* End PBXProject section */

/* Begin PBXResourcesBuildPhase section */
		A6B218912843CF3600930AD4 /* Resources */ = {
			isa = PBXResourcesBuildPhase;
			buildActionMask = 2147483647;
			files = (
				A6B2189E2843CF3700930AD4 /* Preview Assets.xcassets in Resources */,
				A6B2189B2843CF3700930AD4 /* Assets.xcassets in Resources */,
			);
			runOnlyForDeploymentPostprocessing = 0;
		};
/* End PBXResourcesBuildPhase section */

/* Begin PBXSourcesBuildPhase section */
		A6B2188F2843CF3600930AD4 /* Sources */ = {
			isa = PBXSourcesBuildPhase;
			buildActionMask = 2147483647;
			files = (
				A641B23228440135006D8303 /* CardView.swift in Sources */,
				A641B2272843D7CA006D8303 /* SidebarItem.swift in Sources */,
				A6B218992843CF3600930AD4 /* SIdebarView.swift in Sources */,
				A641B22B2843D82F006D8303 /* Sidebar.swift in Sources */,
				A641B2302843F203006D8303 /* ColorManager.swift in Sources */,
				A641B22E2843DDBA006D8303 /* AllFilesView.swift in Sources */,
				A6B218972843CF3600930AD4 /* MonoboxApp.swift in Sources */,
				A641B234284409EC006D8303 /* Utils.swift in Sources */,
			);
			runOnlyForDeploymentPostprocessing = 0;
		};
/* End PBXSourcesBuildPhase section */

/* Begin XCBuildConfiguration section */
		A6B218A02843CF3700930AD4 /* Debug */ = {
			isa = XCBuildConfiguration;
			buildSettings = {
				ALWAYS_SEARCH_USER_PATHS = NO;
				CLANG_ANALYZER_NONNULL = YES;
				CLANG_ANALYZER_NUMBER_OBJECT_CONVERSION = YES_AGGRESSIVE;
				CLANG_CXX_LANGUAGE_STANDARD = "gnu++17";
				CLANG_ENABLE_MODULES = YES;
				CLANG_ENABLE_OBJC_ARC = YES;
				CLANG_ENABLE_OBJC_WEAK = YES;
				CLANG_WARN_BLOCK_CAPTURE_AUTORELEASING = YES;
				CLANG_WARN_BOOL_CONVERSION = YES;
				CLANG_WARN_COMMA = YES;
				CLANG_WARN_CONSTANT_CONVERSION = YES;
				CLANG_WARN_DEPRECATED_OBJC_IMPLEMENTATIONS = YES;
				CLANG_WARN_DIRECT_OBJC_ISA_USAGE = YES_ERROR;
				CLANG_WARN_DOCUMENTATION_COMMENTS = YES;
				CLANG_WARN_EMPTY_BODY = YES;
				CLANG_WARN_ENUM_CONVERSION = YES;
				CLANG_WARN_INFINITE_RECURSION = YES;
				CLANG_WARN_INT_CONVERSION = YES;
				CLANG_WARN_NON_LITERAL_NULL_CONVERSION = YES;
				CLANG_WARN_OBJC_IMPLICIT_RETAIN_SELF = YES;
				CLANG_WARN_OBJC_LITERAL_CONVERSION = YES;
				CLANG_WARN_OBJC_ROOT_CLASS = YES_ERROR;
				CLANG_WARN_QUOTED_INCLUDE_IN_FRAMEWORK_HEADER = YES;
				CLANG_WARN_RANGE_LOOP_ANALYSIS = YES;
				CLANG_WARN_STRICT_PROTOTYPES = YES;
				CLANG_WARN_SUSPICIOUS_MOVE = YES;
				CLANG_WARN_UNGUARDED_AVAILABILITY = YES_AGGRESSIVE;
				CLANG_WARN_UNREACHABLE_CODE = YES;
				CLANG_WARN__DUPLICATE_METHOD_MATCH = YES;
				COPY_PHASE_STRIP = NO;
				DEBUG_INFORMATION_FORMAT = dwarf;
				ENABLE_STRICT_OBJC_MSGSEND = YES;
				ENABLE_TESTABILITY = YES;
				GCC_C_LANGUAGE_STANDARD = gnu11;
				GCC_DYNAMIC_NO_PIC = NO;
				GCC_NO_COMMON_BLOCKS = YES;
				GCC_OPTIMIZATION_LEVEL = 0;
				GCC_PREPROCESSOR_DEFINITIONS = (
					"DEBUG=1",
					"$(inherited)",
				);
				GCC_WARN_64_TO_32_BIT_CONVERSION = YES;
				GCC_WARN_ABOUT_RETURN_TYPE = YES_ERROR;
				GCC_WARN_UNDECLARED_SELECTOR = YES;
				GCC_WARN_UNINITIALIZED_AUTOS = YES_AGGRESSIVE;
				GCC_WARN_UNUSED_FUNCTION = YES;
				GCC_WARN_UNUSED_VARIABLE = YES;
				MACOSX_DEPLOYMENT_TARGET = 12.3;
				MTL_ENABLE_DEBUG_INFO = INCLUDE_SOURCE;
				MTL_FAST_MATH = YES;
				ONLY_ACTIVE_ARCH = YES;
				SDKROOT = macosx;
				SWIFT_ACTIVE_COMPILATION_CONDITIONS = DEBUG;
				SWIFT_OPTIMIZATION_LEVEL = "-Onone";
			};
			name = Debug;
		};
		A6B218A12843CF3700930AD4 /* Release */ = {
			isa = XCBuildConfiguration;
			buildSettings = {
				ALWAYS_SEARCH_USER_PATHS = NO;
				CLANG_ANALYZER_NONNULL = YES;
				CLANG_ANALYZER_NUMBER_OBJECT_CONVERSION = YES_AGGRESSIVE;
				CLANG_CXX_LANGUAGE_STANDARD = "gnu++17";
				CLANG_ENABLE_MODULES = YES;
				CLANG_ENABLE_OBJC_ARC = YES;
				CLANG_ENABLE_OBJC_WEAK = YES;
				CLANG_WARN_BLOCK_CAPTURE_AUTORELEASING = YES;
				CLANG_WARN_BOOL_CONVERSION = YES;
				CLANG_WARN_COMMA = YES;
				CLANG_WARN_CONSTANT_CONVERSION = YES;
				CLANG_WARN_DEPRECATED_OBJC_IMPLEMENTATIONS = YES;
				CLANG_WARN_DIRECT_OBJC_ISA_USAGE = YES_ERROR;
				CLANG_WARN_DOCUMENTATION_COMMENTS = YES;
				CLANG_WARN_EMPTY_BODY = YES;
				CLANG_WARN_ENUM_CONVERSION = YES;
				CLANG_WARN_INFINITE_RECURSION = YES;
				CLANG_WARN_INT_CONVERSION = YES;
				CLANG_WARN_NON_LITERAL_NULL_CONVERSION = YES;
				CLANG_WARN_OBJC_IMPLICIT_RETAIN_SELF = YES;
				CLANG_WARN_OBJC_LITERAL_CONVERSION = YES;
				CLANG_WARN_OBJC_ROOT_CLASS = YES_ERROR;
				CLANG_WARN_QUOTED_INCLUDE_IN_FRAMEWORK_HEADER = YES;
				CLANG_WARN_RANGE_LOOP_ANALYSIS = YES;
				CLANG_WARN_STRICT_PROTOTYPES = YES;
				CLANG_WARN_SUSPICIOUS_MOVE = YES;
				CLANG_WARN_UNGUARDED_AVAILABILITY = YES_AGGRESSIVE;
				CLANG_WARN_UNREACHABLE_CODE = YES;
				CLANG_WARN__DUPLICATE_METHOD_MATCH = YES;
				COPY_PHASE_STRIP = NO;
				DEBUG_INFORMATION_FORMAT = "dwarf-with-dsym";
				ENABLE_NS_ASSERTIONS = NO;
				ENABLE_STRICT_OBJC_MSGSEND = YES;
				GCC_C_LANGUAGE_STANDARD = gnu11;
				GCC_NO_COMMON_BLOCKS = YES;
				GCC_WARN_64_TO_32_BIT_CONVERSION = YES;
				GCC_WARN_ABOUT_RETURN_TYPE = YES_ERROR;
				GCC_WARN_UNDECLARED_SELECTOR = YES;
				GCC_WARN_UNINITIALIZED_AUTOS = YES_AGGRESSIVE;
				GCC_WARN_UNUSED_FUNCTION = YES;
				GCC_WARN_UNUSED_VARIABLE = YES;
				MACOSX_DEPLOYMENT_TARGET = 12.3;
				MTL_ENABLE_DEBUG_INFO = NO;
				MTL_FAST_MATH = YES;
				SDKROOT = macosx;
				SWIFT_COMPILATION_MODE = wholemodule;
				SWIFT_OPTIMIZATION_LEVEL = "-O";
			};
			name = Release;
		};
		A6B218A32843CF3700930AD4 /* Debug */ = {
			isa = XCBuildConfiguration;
			buildSettings = {
				ASSETCATALOG_COMPILER_APPICON_NAME = AppIcon;
				ASSETCATALOG_COMPILER_GLOBAL_ACCENT_COLOR_NAME = AccentColor;
				CODE_SIGN_ENTITLEMENTS = Monobox/Monobox.entitlements;
				CODE_SIGN_STYLE = Automatic;
				COMBINE_HIDPI_IMAGES = YES;
				CURRENT_PROJECT_VERSION = 1;
				DEVELOPMENT_ASSET_PATHS = "\"Monobox/Preview Content\"";
				DEVELOPMENT_TEAM = 229B6HXMD4;
				ENABLE_HARDENED_RUNTIME = YES;
				ENABLE_PREVIEWS = YES;
				GENERATE_INFOPLIST_FILE = YES;
				INFOPLIST_KEY_NSHumanReadableCopyright = "";
				LD_RUNPATH_SEARCH_PATHS = (
					"$(inherited)",
					"@executable_path/../Frameworks",
				);
				MARKETING_VERSION = 1.0;
				PRODUCT_BUNDLE_IDENTIFIER = com.gatewai.Monobox;
				PRODUCT_NAME = "$(TARGET_NAME)";
				SWIFT_EMIT_LOC_STRINGS = YES;
				SWIFT_VERSION = 5.0;
			};
			name = Debug;
		};
		A6B218A42843CF3700930AD4 /* Release */ = {
			isa = XCBuildConfiguration;
			buildSettings = {
				ASSETCATALOG_COMPILER_APPICON_NAME = AppIcon;
				ASSETCATALOG_COMPILER_GLOBAL_ACCENT_COLOR_NAME = AccentColor;
				CODE_SIGN_ENTITLEMENTS = Monobox/Monobox.entitlements;
				CODE_SIGN_STYLE = Automatic;
				COMBINE_HIDPI_IMAGES = YES;
				CURRENT_PROJECT_VERSION = 1;
				DEVELOPMENT_ASSET_PATHS = "\"Monobox/Preview Content\"";
				DEVELOPMENT_TEAM = 229B6HXMD4;
				ENABLE_HARDENED_RUNTIME = YES;
				ENABLE_PREVIEWS = YES;
				GENERATE_INFOPLIST_FILE = YES;
				INFOPLIST_KEY_NSHumanReadableCopyright = "";
				LD_RUNPATH_SEARCH_PATHS = (
					"$(inherited)",
					"@executable_path/../Frameworks",
				);
				MARKETING_VERSION = 1.0;
				PRODUCT_BUNDLE_IDENTIFIER = com.gatewai.Monobox;
				PRODUCT_NAME = "$(TARGET_NAME)";
				SWIFT_EMIT_LOC_STRINGS = YES;
				SWIFT_VERSION = 5.0;
			};
			name = Release;
		};
/* End XCBuildConfiguration section */

/* Begin XCConfigurationList section */
		A6B2188E2843CF3600930AD4 /* Build configuration list for PBXProject "Monobox" */ = {
			isa = XCConfigurationList;
			buildConfigurations = (
				A6B218A02843CF3700930AD4 /* Debug */,
				A6B218A12843CF3700930AD4 /* Release */,
			);
			defaultConfigurationIsVisible = 0;
			defaultConfigurationName = Release;
		};
		A6B218A22843CF3700930AD4 /* Build configuration list for PBXNativeTarget "Monobox" */ = {
			isa = XCConfigurationList;
			buildConfigurations = (
				A6B218A32843CF3700930AD4 /* Debug */,
				A6B218A42843CF3700930AD4 /* Release */,
			);
			defaultConfigurationIsVisible = 0;
			defaultConfigurationName = Release;
		};
/* End XCConfigurationList section */
	};
	rootObject = A6B2188B2843CF3600930AD4 /* Project object */;
}
